
Microsoft Visual Studio Solution File, Format Version 12.00
# Visual Studio 15
VisualStudioVersion = 15.0.28010.2046
MinimumVisualStudioVersion = 10.0.40219.1
Project("{8BC9CEB8-8B4A-11D0-8D11-00A0C91BC942}") = "AAEuphoria", "AAEuphoria.vcxproj", "{F3E42845-8D56-4BB3-821D-8163AB1337F0}"
EndProject
Global
	GlobalSection(SolutionConfigurationPlatforms) = preSolution
		Debug|x86 = Debug|x86
		Release|x86 = Release|x86
	EndGlobalSection
	GlobalSection(ProjectConfigurationPlatforms) = postSolution
		{F3E42845-8D56-4BB3-821D-8163AB1337F0}.Debug|x86.ActiveCfg = Debug|Win32
		{F3E42845-8D56-4BB3-821D-8163AB1337F0}.Debug|x86.Build.0 = Debug|Win32
		{F3E42845-8D56-4BB3-821D-8163AB1337F0}.Release|x86.ActiveCfg = Release|Win32
		{F3E42845-8D56-4BB3-821D-8163AB1337F0}.Release|x86.Build.0 = Release|Win32
	EndGlobalSection
	GlobalSection(SolutionProperties) = preSolution
		HideSolutionNode = FALSE
	EndGlobalSection
	GlobalSection(ExtensibilityGlobals) = postSolution
		SolutionGuid = {788BE8D3-5CE1-4B02-AD09-A0B7C9A5F8CB}
	EndGlobalSection
EndGlobal
